
Microsoft Visual Studio Solution File, Format Version 12.00
# Visual Studio Version 17
VisualStudioVersion = 17.3.32819.101
MinimumVisualStudioVersion = 10.0.40219.1
Project("{FAE04EC0-301F-11D3-BF4B-00C04F79EFBC}") = "BanHangOnline", "BanHangOnline\BanHangOnline.csproj", "{578AAA57-F213-4B80-BF01-22748E079FE5}"
EndProject
Global
	GlobalSection(SolutionConfigurationPlatforms) = preSolution
		Debug|Any CPU = Debug|Any CPU
		Release|Any CPU = Release|Any CPU
	EndGlobalSection
	GlobalSection(ProjectConfigurationPlatforms) = postSolution
		{578AAA57-F213-4B80-BF01-22748E079FE5}.Debug|Any CPU.ActiveCfg = Debug|Any CPU
		{578AAA57-F213-4B80-BF01-22748E079FE5}.Debug|Any CPU.Build.0 = Debug|Any CPU
		{578AAA57-F213-4B80-BF01-22748E079FE5}.Release|Any CPU.ActiveCfg = Release|Any CPU
		{578AAA57-F213-4B80-BF01-22748E079FE5}.Release|Any CPU.Build.0 = Release|Any CPU
	EndGlobalSection
	GlobalSection(SolutionProperties) = preSolution
		HideSolutionNode = FALSE
	EndGlobalSection
	GlobalSection(ExtensibilityGlobals) = postSolution
		SolutionGuid = {C6787A52-0A32-4C3D-BF1C-16DB608BCD35}
	EndGlobalSection
EndGlobal
